
Microsoft Visual Studio Solution File, Format Version 12.00
# Visual Studio 15
VisualStudioVersion = 15.0.28010.2046
MinimumVisualStudioVersion = 10.0.40219.1
Project("{FAE04EC0-301F-11D3-BF4B-00C04F79EFBC}") = "PollyDemo", "PollyDemo\PollyDemo.csproj", "{6ECF13E6-7E9E-463E-869F-997801A7A954}"
EndProject
Global
	GlobalSection(SolutionConfigurationPlatforms) = preSolution
		Debug|Any CPU = Debug|Any CPU
		Release|Any CPU = Release|Any CPU
	EndGlobalSection
	GlobalSection(ProjectConfigurationPlatforms) = postSolution
		{6ECF13E6-7E9E-463E-869F-997801A7A954}.Debug|Any CPU.ActiveCfg = Debug|Any CPU
		{6ECF13E6-7E9E-463E-869F-997801A7A954}.Debug|Any CPU.Build.0 = Debug|Any CPU
		{6ECF13E6-7E9E-463E-869F-997801A7A954}.Release|Any CPU.ActiveCfg = Release|Any CPU
		{6ECF13E6-7E9E-463E-869F-997801A7A954}.Release|Any CPU.Build.0 = Release|Any CPU
	EndGlobalSection
	GlobalSection(SolutionProperties) = preSolution
		HideSolutionNode = FALSE
	EndGlobalSection
	GlobalSection(ExtensibilityGlobals) = postSolution
		SolutionGuid = {BBB9AE54-D204-484A-958F-01F159894919}
	EndGlobalSection
EndGlobal
